
Microsoft Visual Studio Solution File, Format Version 12.00
# Visual Studio Version 17
VisualStudioVersion = 17.8.34330.188
MinimumVisualStudioVersion = 10.0.40219.1
Project("{FAE04EC0-301F-11D3-BF4B-00C04F79EFBC}") = "FF14-Wordle", "FF14-Wordle.csproj", "{3C397153-C8F0-4C0B-91A2-9D8691ECA4D1}"
EndProject
Global
	GlobalSection(SolutionConfigurationPlatforms) = preSolution
		Debug|Any CPU = Debug|Any CPU
		Release|Any CPU = Release|Any CPU
	EndGlobalSection
	GlobalSection(ProjectConfigurationPlatforms) = postSolution
		{3C397153-C8F0-4C0B-91A2-9D8691ECA4D1}.Debug|Any CPU.ActiveCfg = Debug|Any CPU
		{3C397153-C8F0-4C0B-91A2-9D8691ECA4D1}.Debug|Any CPU.Build.0 = Debug|Any CPU
		{3C397153-C8F0-4C0B-91A2-9D8691ECA4D1}.Release|Any CPU.ActiveCfg = Release|Any CPU
		{3C397153-C8F0-4C0B-91A2-9D8691ECA4D1}.Release|Any CPU.Build.0 = Release|Any CPU
	EndGlobalSection
	GlobalSection(SolutionProperties) = preSolution
		HideSolutionNode = FALSE
	EndGlobalSection
	GlobalSection(ExtensibilityGlobals) = postSolution
		SolutionGuid = {18C22FD1-FCD5-44B4-866D-C2668B0ACE9C}
	EndGlobalSection
EndGlobal
